
Microsoft Visual Studio Solution File, Format Version 12.00
Project("{FAE04EC0-301F-11D3-BF4B-00C04F79EFBC}") = "TUM.API", "TUM.API\TUM.API.csproj", "{527ADAC4-B112-495D-B795-10224AFE4F99}"
EndProject
Project("{FAE04EC0-301F-11D3-BF4B-00C04F79EFBC}") = "TUM.Domain", "TUM.Domain\TUM.Domain.csproj", "{66DDB742-5109-4CF1-BE6D-C462B448021A}"
EndProject
Project("{FAE04EC0-301F-11D3-BF4B-00C04F79EFBC}") = "TUM.Infrastructure", "TUM.Infrastructure\TUM.Infrastructure.csproj", "{60AE511A-1A44-40C6-99B2-56F502CD960F}"
EndProject
Global
	GlobalSection(SolutionConfigurationPlatforms) = preSolution
		Debug|Any CPU = Debug|Any CPU
		Release|Any CPU = Release|Any CPU
	EndGlobalSection
	GlobalSection(ProjectConfigurationPlatforms) = postSolution
		{527ADAC4-B112-495D-B795-10224AFE4F99}.Debug|Any CPU.ActiveCfg = Debug|Any CPU
		{527ADAC4-B112-495D-B795-10224AFE4F99}.Debug|Any CPU.Build.0 = Debug|Any CPU
		{527ADAC4-B112-495D-B795-10224AFE4F99}.Release|Any CPU.ActiveCfg = Release|Any CPU
		{527ADAC4-B112-495D-B795-10224AFE4F99}.Release|Any CPU.Build.0 = Release|Any CPU
		{66DDB742-5109-4CF1-BE6D-C462B448021A}.Debug|Any CPU.ActiveCfg = Debug|Any CPU
		{66DDB742-5109-4CF1-BE6D-C462B448021A}.Debug|Any CPU.Build.0 = Debug|Any CPU
		{66DDB742-5109-4CF1-BE6D-C462B448021A}.Release|Any CPU.ActiveCfg = Release|Any CPU
		{66DDB742-5109-4CF1-BE6D-C462B448021A}.Release|Any CPU.Build.0 = Release|Any CPU
		{60AE511A-1A44-40C6-99B2-56F502CD960F}.Debug|Any CPU.ActiveCfg = Debug|Any CPU
		{60AE511A-1A44-40C6-99B2-56F502CD960F}.Debug|Any CPU.Build.0 = Debug|Any CPU
		{60AE511A-1A44-40C6-99B2-56F502CD960F}.Release|Any CPU.ActiveCfg = Release|Any CPU
		{60AE511A-1A44-40C6-99B2-56F502CD960F}.Release|Any CPU.Build.0 = Release|Any CPU
	EndGlobalSection
EndGlobal
