
Microsoft Visual Studio Solution File, Format Version 12.00
Project("{2150E333-8FDC-42A3-9474-1A3956D46DE8}") = "src", "src", "{48EA2B7F-0E31-4CD7-B0E2-AED5CAA938A5}"
EndProject
Project("{FAE04EC0-301F-11D3-BF4B-00C04F79EFBC}") = "TUM.API", "src\TUM.API\TUM.API.csproj", "{86948EAE-CCD1-4A9F-A9E1-1B0072BAA71D}"
EndProject
Project("{FAE04EC0-301F-11D3-BF4B-00C04F79EFBC}") = "TUM.Application", "src\TUM.Application\TUM.Application.csproj", "{F605AB1C-81D7-4865-9475-947B487044D4}"
EndProject
Project("{FAE04EC0-301F-11D3-BF4B-00C04F79EFBC}") = "TUM.Domain", "src\TUM.Domain\TUM.Domain.csproj", "{02D927EC-9438-4C59-822A-514727FA95A4}"
EndProject
Project("{FAE04EC0-301F-11D3-BF4B-00C04F79EFBC}") = "TUM.Infrastructure", "src\TUM.Infrastructure\TUM.Infrastructure.csproj", "{B118C73C-45A7-48E0-BBC6-0B7AFDCBE320}"
EndProject
Project("{2150E333-8FDC-42A3-9474-1A3956D46DE8}") = "tests", "tests", "{CC8F6C06-3881-4601-AD20-9737B3DD61DB}"
EndProject
Project("{FAE04EC0-301F-11D3-BF4B-00C04F79EFBC}") = "Application.FunctionalTests", "tests\Application.FunctionalTests\Application.FunctionalTests.csproj", "{54FAB5C6-B0F3-42B7-B09E-EE6D1BA4AD4A}"
EndProject
Global
	GlobalSection(SolutionConfigurationPlatforms) = preSolution
		Debug|Any CPU = Debug|Any CPU
		Release|Any CPU = Release|Any CPU
	EndGlobalSection
	GlobalSection(ProjectConfigurationPlatforms) = postSolution
		{86948EAE-CCD1-4A9F-A9E1-1B0072BAA71D}.Debug|Any CPU.ActiveCfg = Debug|Any CPU
		{86948EAE-CCD1-4A9F-A9E1-1B0072BAA71D}.Debug|Any CPU.Build.0 = Debug|Any CPU
		{86948EAE-CCD1-4A9F-A9E1-1B0072BAA71D}.Release|Any CPU.ActiveCfg = Release|Any CPU
		{86948EAE-CCD1-4A9F-A9E1-1B0072BAA71D}.Release|Any CPU.Build.0 = Release|Any CPU
		{F605AB1C-81D7-4865-9475-947B487044D4}.Debug|Any CPU.ActiveCfg = Debug|Any CPU
		{F605AB1C-81D7-4865-9475-947B487044D4}.Debug|Any CPU.Build.0 = Debug|Any CPU
		{F605AB1C-81D7-4865-9475-947B487044D4}.Release|Any CPU.ActiveCfg = Release|Any CPU
		{F605AB1C-81D7-4865-9475-947B487044D4}.Release|Any CPU.Build.0 = Release|Any CPU
		{02D927EC-9438-4C59-822A-514727FA95A4}.Debug|Any CPU.ActiveCfg = Debug|Any CPU
		{02D927EC-9438-4C59-822A-514727FA95A4}.Debug|Any CPU.Build.0 = Debug|Any CPU
		{02D927EC-9438-4C59-822A-514727FA95A4}.Release|Any CPU.ActiveCfg = Release|Any CPU
		{02D927EC-9438-4C59-822A-514727FA95A4}.Release|Any CPU.Build.0 = Release|Any CPU
		{B118C73C-45A7-48E0-BBC6-0B7AFDCBE320}.Debug|Any CPU.ActiveCfg = Debug|Any CPU
		{B118C73C-45A7-48E0-BBC6-0B7AFDCBE320}.Debug|Any CPU.Build.0 = Debug|Any CPU
		{B118C73C-45A7-48E0-BBC6-0B7AFDCBE320}.Release|Any CPU.ActiveCfg = Release|Any CPU
		{B118C73C-45A7-48E0-BBC6-0B7AFDCBE320}.Release|Any CPU.Build.0 = Release|Any CPU
		{54FAB5C6-B0F3-42B7-B09E-EE6D1BA4AD4A}.Debug|Any CPU.ActiveCfg = Debug|Any CPU
		{54FAB5C6-B0F3-42B7-B09E-EE6D1BA4AD4A}.Debug|Any CPU.Build.0 = Debug|Any CPU
		{54FAB5C6-B0F3-42B7-B09E-EE6D1BA4AD4A}.Release|Any CPU.ActiveCfg = Release|Any CPU
		{54FAB5C6-B0F3-42B7-B09E-EE6D1BA4AD4A}.Release|Any CPU.Build.0 = Release|Any CPU
	EndGlobalSection
	GlobalSection(NestedProjects) = preSolution
		{86948EAE-CCD1-4A9F-A9E1-1B0072BAA71D} = {48EA2B7F-0E31-4CD7-B0E2-AED5CAA938A5}
		{F605AB1C-81D7-4865-9475-947B487044D4} = {48EA2B7F-0E31-4CD7-B0E2-AED5CAA938A5}
		{02D927EC-9438-4C59-822A-514727FA95A4} = {48EA2B7F-0E31-4CD7-B0E2-AED5CAA938A5}
		{B118C73C-45A7-48E0-BBC6-0B7AFDCBE320} = {48EA2B7F-0E31-4CD7-B0E2-AED5CAA938A5}
		{54FAB5C6-B0F3-42B7-B09E-EE6D1BA4AD4A} = {CC8F6C06-3881-4601-AD20-9737B3DD61DB}
	EndGlobalSection
EndGlobal
